
Microsoft Visual Studio Solution File, Format Version 12.00
# Visual Studio Version 16
VisualStudioVersion = 16.0.32106.194
MinimumVisualStudioVersion = 10.0.40219.1
Project("{FAE04EC0-301F-11D3-BF4B-00C04F79EFBC}") = "SnakesAndLadder", "SnakesAndLadder.csproj", "{D46F8F0C-B471-422D-B99D-DE98A7D50B06}"
EndProject
Global
	GlobalSection(SolutionConfigurationPlatforms) = preSolution
		Debug|Any CPU = Debug|Any CPU
		Release|Any CPU = Release|Any CPU
	EndGlobalSection
	GlobalSection(ProjectConfigurationPlatforms) = postSolution
		{D46F8F0C-B471-422D-B99D-DE98A7D50B06}.Debug|Any CPU.ActiveCfg = Debug|Any CPU
		{D46F8F0C-B471-422D-B99D-DE98A7D50B06}.Debug|Any CPU.Build.0 = Debug|Any CPU
		{D46F8F0C-B471-422D-B99D-DE98A7D50B06}.Release|Any CPU.ActiveCfg = Release|Any CPU
		{D46F8F0C-B471-422D-B99D-DE98A7D50B06}.Release|Any CPU.Build.0 = Release|Any CPU
	EndGlobalSection
	GlobalSection(SolutionProperties) = preSolution
		HideSolutionNode = FALSE
	EndGlobalSection
	GlobalSection(ExtensibilityGlobals) = postSolution
		SolutionGuid = {D67D4B67-AD37-4621-A2EF-41A427A9E9F5}
	EndGlobalSection
EndGlobal
